// !$*UTF8*$!
{
	archiveVersion = 1;
	classes = {
	};
	objectVersion = 48;
	objects = {

/* Begin PBXBuildFile section */
		9AA5DAC91F95DD6B0014B271 /* main.cpp in Sources */ = {isa = PBXBuildFile; fileRef = 9AA5DAC81F95DD6B0014B271 /* main.cpp */; };
		9AA5DAD11F95DE390014B271 /* Bankrekening.cpp in Sources */ = {isa = PBXBuildFile; fileRef = 9AA5DACF1F95DE390014B271 /* Bankrekening.cpp */; };
		9AA5DAD41F95DF180014B271 /* Transactie.cpp in Sources */ = {isa = PBXBuildFile; fileRef = 9AA5DAD21F95DF180014B271 /* Transactie.cpp */; };
		9AA5DAD71F95E0850014B271 /* Datum.cpp in Sources */ = {isa = PBXBuildFile; fileRef = 9AA5DAD51F95E0850014B271 /* Datum.cpp */; };
/* End PBXBuildFile section */

/* Begin PBXCopyFilesBuildPhase section */
		9AA5DAC31F95DD6B0014B271 /* CopyFiles */ = {
			isa = PBXCopyFilesBuildPhase;
			buildActionMask = 2147483647;
			dstPath = /usr/share/man/man1/;
			dstSubfolderSpec = 0;
			files = (
			);
			runOnlyForDeploymentPostprocessing = 1;
		};
/* End PBXCopyFilesBuildPhase section */

/* Begin PBXFileReference section */
		9AA5DAC51F95DD6B0014B271 /* HOOP_Assignment05 */ = {isa = PBXFileReference; explicitFileType = "compiled.mach-o.executable"; includeInIndex = 0; path = HOOP_Assignment05; sourceTree = BUILT_PRODUCTS_DIR; };
		9AA5DAC81F95DD6B0014B271 /* main.cpp */ = {isa = PBXFileReference; lastKnownFileType = sourcecode.cpp.cpp; path = main.cpp; sourceTree = "<group>"; };
		9AA5DACF1F95DE390014B271 /* Bankrekening.cpp */ = {isa = PBXFileReference; lastKnownFileType = sourcecode.cpp.cpp; path = Bankrekening.cpp; sourceTree = "<group>"; };
		9AA5DAD01F95DE390014B271 /* Bankrekening.hpp */ = {isa = PBXFileReference; lastKnownFileType = sourcecode.cpp.h; path = Bankrekening.hpp; sourceTree = "<group>"; };
		9AA5DAD21F95DF180014B271 /* Transactie.cpp */ = {isa = PBXFileReference; lastKnownFileType = sourcecode.cpp.cpp; path = Transactie.cpp; sourceTree = "<group>"; };
		9AA5DAD31F95DF180014B271 /* Transactie.hpp */ = {isa = PBXFileReference; lastKnownFileType = sourcecode.cpp.h; path = Transactie.hpp; sourceTree = "<group>"; };
		9AA5DAD51F95E0850014B271 /* Datum.cpp */ = {isa = PBXFileReference; lastKnownFileType = sourcecode.cpp.cpp; path = Datum.cpp; sourceTree = "<group>"; };
		9AA5DAD61F95E0850014B271 /* Datum.hpp */ = {isa = PBXFileReference; lastKnownFileType = sourcecode.cpp.h; path = Datum.hpp; sourceTree = "<group>"; };
/* End PBXFileReference section */

/* Begin PBXFrameworksBuildPhase section */
		9AA5DAC21F95DD6B0014B271 /* Frameworks */ = {
			isa = PBXFrameworksBuildPhase;
			buildActionMask = 2147483647;
			files = (
			);
			runOnlyForDeploymentPostprocessing = 0;
		};
/* End PBXFrameworksBuildPhase section */

/* Begin PBXGroup section */
		9AA5DABC1F95DD6B0014B271 = {
			isa = PBXGroup;
			children = (
				9AA5DAC71F95DD6B0014B271 /* HOOP_Assignment05 */,
				9AA5DAC61F95DD6B0014B271 /* Products */,
			);
			sourceTree = "<group>";
		};
		9AA5DAC61F95DD6B0014B271 /* Products */ = {
			isa = PBXGroup;
			children = (
				9AA5DAC51F95DD6B0014B271 /* HOOP_Assignment05 */,
			);
			name = Products;
			sourceTree = "<group>";
		};
		9AA5DAC71F95DD6B0014B271 /* HOOP_Assignment05 */ = {
			isa = PBXGroup;
			children = (
				9AA5DAC81F95DD6B0014B271 /* main.cpp */,
				9AA5DACF1F95DE390014B271 /* Bankrekening.cpp */,
				9AA5DAD01F95DE390014B271 /* Bankrekening.hpp */,
				9AA5DAD21F95DF180014B271 /* Transactie.cpp */,
				9AA5DAD31F95DF180014B271 /* Transactie.hpp */,
				9AA5DAD51F95E0850014B271 /* Datum.cpp */,
				9AA5DAD61F95E0850014B271 /* Datum.hpp */,
			);
			path = HOOP_Assignment05;
			sourceTree = "<group>";
		};
/* End PBXGroup section */

/* Begin PBXNativeTarget section */
		9AA5DAC41F95DD6B0014B271 /* HOOP_Assignment05 */ = {
			isa = PBXNativeTarget;
			buildConfigurationList = 9AA5DACC1F95DD6B0014B271 /* Build configuration list for PBXNativeTarget "HOOP_Assignment05" */;
			buildPhases = (
				9AA5DAC11F95DD6B0014B271 /* Sources */,
				9AA5DAC21F95DD6B0014B271 /* Frameworks */,
				9AA5DAC31F95DD6B0014B271 /* CopyFiles */,
			);
			buildRules = (
			);
			dependencies = (
			);
			name = HOOP_Assignment05;
			productName = HOOP_Assignment05;
			productReference = 9AA5DAC51F95DD6B0014B271 /* HOOP_Assignment05 */;
			productType = "com.apple.product-type.tool";
		};
/* End PBXNativeTarget section */

/* Begin PBXProject section */
		9AA5DABD1F95DD6B0014B271 /* Project object */ = {
			isa = PBXProject;
			attributes = {
				LastUpgradeCheck = 0900;
				ORGANIZATIONNAME = "Ruben Bergshoeff";
				TargetAttributes = {
					9AA5DAC41F95DD6B0014B271 = {
						CreatedOnToolsVersion = 9.0;
						ProvisioningStyle = Automatic;
					};
				};
			};
			buildConfigurationList = 9AA5DAC01F95DD6B0014B271 /* Build configuration list for PBXProject "HOOP_Assignment05" */;
			compatibilityVersion = "Xcode 8.0";
			developmentRegion = en;
			hasScannedForEncodings = 0;
			knownRegions = (
				en,
			);
			mainGroup = 9AA5DABC1F95DD6B0014B271;
			productRefGroup = 9AA5DAC61F95DD6B0014B271 /* Products */;
			projectDirPath = "";
			projectRoot = "";
			targets = (
				9AA5DAC41F95DD6B0014B271 /* HOOP_Assignment05 */,
			);
		};
/* End PBXProject section */

/* Begin PBXSourcesBuildPhase section */
		9AA5DAC11F95DD6B0014B271 /* Sources */ = {
			isa = PBXSourcesBuildPhase;
			buildActionMask = 2147483647;
			files = (
				9AA5DAD11F95DE390014B271 /* Bankrekening.cpp in Sources */,
				9AA5DAD71F95E0850014B271 /* Datum.cpp in Sources */,
				9AA5DAC91F95DD6B0014B271 /* main.cpp in Sources */,
				9AA5DAD41F95DF180014B271 /* Transactie.cpp in Sources */,
			);
			runOnlyForDeploymentPostprocessing = 0;
		};
/* End PBXSourcesBuildPhase section */

/* Begin XCBuildConfiguration section */
		9AA5DACA1F95DD6B0014B271 /* Debug */ = {
			isa = XCBuildConfiguration;
			buildSettings = {
				ALWAYS_SEARCH_USER_PATHS = NO;
				CLANG_ANALYZER_NONNULL = YES;
				CLANG_ANALYZER_NUMBER_OBJECT_CONVERSION = YES_AGGRESSIVE;
				CLANG_CXX_LANGUAGE_STANDARD = "gnu++14";
				CLANG_CXX_LIBRARY = "libc++";
				CLANG_ENABLE_MODULES = YES;
				CLANG_ENABLE_OBJC_ARC = YES;
				CLANG_WARN_BLOCK_CAPTURE_AUTORELEASING = YES;
				CLANG_WARN_BOOL_CONVERSION = YES;
				CLANG_WARN_COMMA = YES;
				CLANG_WARN_CONSTANT_CONVERSION = YES;
				CLANG_WARN_DIRECT_OBJC_ISA_USAGE = YES_ERROR;
				CLANG_WARN_DOCUMENTATION_COMMENTS = YES;
				CLANG_WARN_EMPTY_BODY = YES;
				CLANG_WARN_ENUM_CONVERSION = YES;
				CLANG_WARN_INFINITE_RECURSION = YES;
				CLANG_WARN_INT_CONVERSION = YES;
				CLANG_WARN_NON_LITERAL_NULL_CONVERSION = YES;
				CLANG_WARN_OBJC_LITERAL_CONVERSION = YES;
				CLANG_WARN_OBJC_ROOT_CLASS = YES_ERROR;
				CLANG_WARN_RANGE_LOOP_ANALYSIS = YES;
				CLANG_WARN_STRICT_PROTOTYPES = YES;
				CLANG_WARN_SUSPICIOUS_MOVE = YES;
				CLANG_WARN_UNGUARDED_AVAILABILITY = YES_AGGRESSIVE;
				CLANG_WARN_UNREACHABLE_CODE = YES;
				CLANG_WARN__DUPLICATE_METHOD_MATCH = YES;
				CODE_SIGN_IDENTITY = "-";
				COPY_PHASE_STRIP = NO;
				DEBUG_INFORMATION_FORMAT = dwarf;
				ENABLE_STRICT_OBJC_MSGSEND = YES;
				ENABLE_TESTABILITY = YES;
				GCC_C_LANGUAGE_STANDARD = gnu11;
				GCC_DYNAMIC_NO_PIC = NO;
				GCC_NO_COMMON_BLOCKS = YES;
				GCC_OPTIMIZATION_LEVEL = 0;
				GCC_PREPROCESSOR_DEFINITIONS = (
					"DEBUG=1",
					"$(inherited)",
				);
				GCC_WARN_64_TO_32_BIT_CONVERSION = YES;
				GCC_WARN_ABOUT_RETURN_TYPE = YES_ERROR;
				GCC_WARN_UNDECLARED_SELECTOR = YES;
				GCC_WARN_UNINITIALIZED_AUTOS = YES_AGGRESSIVE;
				GCC_WARN_UNUSED_FUNCTION = YES;
				GCC_WARN_UNUSED_VARIABLE = YES;
				MACOSX_DEPLOYMENT_TARGET = 10.12;
				MTL_ENABLE_DEBUG_INFO = YES;
				ONLY_ACTIVE_ARCH = YES;
				SDKROOT = macosx;
			};
			name = Debug;
		};
		9AA5DACB1F95DD6B0014B271 /* Release */ = {
			isa = XCBuildConfiguration;
			buildSettings = {
				ALWAYS_SEARCH_USER_PATHS = NO;
				CLANG_ANALYZER_NONNULL = YES;
				CLANG_ANALYZER_NUMBER_OBJECT_CONVERSION = YES_AGGRESSIVE;
				CLANG_CXX_LANGUAGE_STANDARD = "gnu++14";
				CLANG_CXX_LIBRARY = "libc++";
				CLANG_ENABLE_MODULES = YES;
				CLANG_ENABLE_OBJC_ARC = YES;
				CLANG_WARN_BLOCK_CAPTURE_AUTORELEASING = YES;
				CLANG_WARN_BOOL_CONVERSION = YES;
				CLANG_WARN_COMMA = YES;
				CLANG_WARN_CONSTANT_CONVERSION = YES;
				CLANG_WARN_DIRECT_OBJC_ISA_USAGE = YES_ERROR;
				CLANG_WARN_DOCUMENTATION_COMMENTS = YES;
				CLANG_WARN_EMPTY_BODY = YES;
				CLANG_WARN_ENUM_CONVERSION = YES;
				CLANG_WARN_INFINITE_RECURSION = YES;
				CLANG_WARN_INT_CONVERSION = YES;
				CLANG_WARN_NON_LITERAL_NULL_CONVERSION = YES;
				CLANG_WARN_OBJC_LITERAL_CONVERSION = YES;
				CLANG_WARN_OBJC_ROOT_CLASS = YES_ERROR;
				CLANG_WARN_RANGE_LOOP_ANALYSIS = YES;
				CLANG_WARN_STRICT_PROTOTYPES = YES;
				CLANG_WARN_SUSPICIOUS_MOVE = YES;
				CLANG_WARN_UNGUARDED_AVAILABILITY = YES_AGGRESSIVE;
				CLANG_WARN_UNREACHABLE_CODE = YES;
				CLANG_WARN__DUPLICATE_METHOD_MATCH = YES;
				CODE_SIGN_IDENTITY = "-";
				COPY_PHASE_STRIP = NO;
				DEBUG_INFORMATION_FORMAT = "dwarf-with-dsym";
				ENABLE_NS_ASSERTIONS = NO;
				ENABLE_STRICT_OBJC_MSGSEND = YES;
				GCC_C_LANGUAGE_STANDARD = gnu11;
				GCC_NO_COMMON_BLOCKS = YES;
				GCC_WARN_64_TO_32_BIT_CONVERSION = YES;
				GCC_WARN_ABOUT_RETURN_TYPE = YES_ERROR;
				GCC_WARN_UNDECLARED_SELECTOR = YES;
				GCC_WARN_UNINITIALIZED_AUTOS = YES_AGGRESSIVE;
				GCC_WARN_UNUSED_FUNCTION = YES;
				GCC_WARN_UNUSED_VARIABLE = YES;
				MACOSX_DEPLOYMENT_TARGET = 10.12;
				MTL_ENABLE_DEBUG_INFO = NO;
				SDKROOT = macosx;
			};
			name = Release;
		};
		9AA5DACD1F95DD6B0014B271 /* Debug */ = {
			isa = XCBuildConfiguration;
			buildSettings = {
				CODE_SIGN_STYLE = Automatic;
				PRODUCT_NAME = "$(TARGET_NAME)";
			};
			name = Debug;
		};
		9AA5DACE1F95DD6B0014B271 /* Release */ = {
			isa = XCBuildConfiguration;
			buildSettings = {
				CODE_SIGN_STYLE = Automatic;
				PRODUCT_NAME = "$(TARGET_NAME)";
			};
			name = Release;
		};
/* End XCBuildConfiguration section */

/* Begin XCConfigurationList section */
		9AA5DAC01F95DD6B0014B271 /* Build configuration list for PBXProject "HOOP_Assignment05" */ = {
			isa = XCConfigurationList;
			buildConfigurations = (
				9AA5DACA1F95DD6B0014B271 /* Debug */,
				9AA5DACB1F95DD6B0014B271 /* Release */,
			);
			defaultConfigurationIsVisible = 0;
			defaultConfigurationName = Release;
		};
		9AA5DACC1F95DD6B0014B271 /* Build configuration list for PBXNativeTarget "HOOP_Assignment05" */ = {
			isa = XCConfigurationList;
			buildConfigurations = (
				9AA5DACD1F95DD6B0014B271 /* Debug */,
				9AA5DACE1F95DD6B0014B271 /* Release */,
			);
			defaultConfigurationIsVisible = 0;
			defaultConfigurationName = Release;
		};
/* End XCConfigurationList section */
	};
	rootObject = 9AA5DABD1F95DD6B0014B271 /* Project object */;
}
